// !$*UTF8*$!
{
	archiveVersion = 1;
	classes = {
	};
	objectVersion = 55;
	objects = {

/* Begin PBXBuildFile section */
		0FDCAC6F27C942FF007F64C2 /* AppDelegate.swift in Sources */ = {isa = PBXBuildFile; fileRef = 0FDCAC6E27C942FF007F64C2 /* AppDelegate.swift */; };
		0FDCAC7827C94303007F64C2 /* Assets.xcassets in Resources */ = {isa = PBXBuildFile; fileRef = 0FDCAC7727C94303007F64C2 /* Assets.xcassets */; };
		0FDCAC7B27C94303007F64C2 /* LaunchScreen.storyboard in Resources */ = {isa = PBXBuildFile; fileRef = 0FDCAC7927C94303007F64C2 /* LaunchScreen.storyboard */; };
		0FDCAC9027C94304007F64C2 /* TrendingUITests.swift in Sources */ = {isa = PBXBuildFile; fileRef = 0FDCAC8F27C94304007F64C2 /* TrendingUITests.swift */; };
		0FDCAC9227C94304007F64C2 /* TrendingUITestsLaunchTests.swift in Sources */ = {isa = PBXBuildFile; fileRef = 0FDCAC9127C94304007F64C2 /* TrendingUITestsLaunchTests.swift */; };
		0FDCACA527C94A9E007F64C2 /* TrendingMoviesVC.swift in Sources */ = {isa = PBXBuildFile; fileRef = 0FDCACA427C94A9E007F64C2 /* TrendingMoviesVC.swift */; };
		0FDCACA827C94B2C007F64C2 /* ExUIColor.swift in Sources */ = {isa = PBXBuildFile; fileRef = 0FDCACA727C94B2C007F64C2 /* ExUIColor.swift */; };
		0FDCACAA27C94B55007F64C2 /* ExUIFont.swift in Sources */ = {isa = PBXBuildFile; fileRef = 0FDCACA927C94B55007F64C2 /* ExUIFont.swift */; };
		0FDCACB027C94BCE007F64C2 /* SFProText-Semibold.ttf in Resources */ = {isa = PBXBuildFile; fileRef = 0FDCACAD27C94BB9007F64C2 /* SFProText-Semibold.ttf */; };
		0FDCACB127C94BD2007F64C2 /* SFProText-Regular.ttf in Resources */ = {isa = PBXBuildFile; fileRef = 0FDCACAE27C94BB9007F64C2 /* SFProText-Regular.ttf */; };
		0FDCACB227C94BD5007F64C2 /* SFProText-Bold.ttf in Resources */ = {isa = PBXBuildFile; fileRef = 0FDCACAF27C94BB9007F64C2 /* SFProText-Bold.ttf */; };
		0FDCACB527C94DBF007F64C2 /* Keys.swift in Sources */ = {isa = PBXBuildFile; fileRef = 0FDCACB427C94DBF007F64C2 /* Keys.swift */; };
		0FDCACB727C94F2E007F64C2 /* ViewTheme.swift in Sources */ = {isa = PBXBuildFile; fileRef = 0FDCACB627C94F2E007F64C2 /* ViewTheme.swift */; };
		0FDCACB927C95363007F64C2 /* Utils.swift in Sources */ = {isa = PBXBuildFile; fileRef = 0FDCACB827C95363007F64C2 /* Utils.swift */; };
		0FDCACBB27C95671007F64C2 /* Movie.swift in Sources */ = {isa = PBXBuildFile; fileRef = 0FDCACBA27C95671007F64C2 /* Movie.swift */; };
		0FDCACBD27C9A129007F64C2 /* TrendingMoviesVM.swift in Sources */ = {isa = PBXBuildFile; fileRef = 0FDCACBC27C9A129007F64C2 /* TrendingMoviesVM.swift */; };
		0FDCACC027C9A1F4007F64C2 /* HTTPMethod.swift in Sources */ = {isa = PBXBuildFile; fileRef = 0FDCACBF27C9A1F4007F64C2 /* HTTPMethod.swift */; };
		0FDCACC227C9A210007F64C2 /* EndPoint.swift in Sources */ = {isa = PBXBuildFile; fileRef = 0FDCACC127C9A210007F64C2 /* EndPoint.swift */; };
		0FDCACC427C9A230007F64C2 /* Router.swift in Sources */ = {isa = PBXBuildFile; fileRef = 0FDCACC327C9A230007F64C2 /* Router.swift */; };
		0FDCACC627C9A257007F64C2 /* APIManager.swift in Sources */ = {isa = PBXBuildFile; fileRef = 0FDCACC527C9A257007F64C2 /* APIManager.swift */; };
		0FDCACC827C9A321007F64C2 /* ExDictionary.swift in Sources */ = {isa = PBXBuildFile; fileRef = 0FDCACC727C9A321007F64C2 /* ExDictionary.swift */; };
		0FDCACCB27C9A407007F64C2 /* MovieTVCell.swift in Sources */ = {isa = PBXBuildFile; fileRef = 0FDCACCA27C9A407007F64C2 /* MovieTVCell.swift */; };
		0FDCACCD27C9A463007F64C2 /* MovieDetailsVM.swift in Sources */ = {isa = PBXBuildFile; fileRef = 0FDCACCC27C9A463007F64C2 /* MovieDetailsVM.swift */; };
		0FDCACCF27C9A527007F64C2 /* GCD.swift in Sources */ = {isa = PBXBuildFile; fileRef = 0FDCACCE27C9A527007F64C2 /* GCD.swift */; };
		0FDCACD127C9A799007F64C2 /* ExUITableView.swift in Sources */ = {isa = PBXBuildFile; fileRef = 0FDCACD027C9A799007F64C2 /* ExUITableView.swift */; };
		0FDCACD327CA4936007F64C2 /* Services.swift in Sources */ = {isa = PBXBuildFile; fileRef = 0FDCACD227CA4936007F64C2 /* Services.swift */; };
		0FDCACD527CA9F3E007F64C2 /* ImgProvider.swift in Sources */ = {isa = PBXBuildFile; fileRef = 0FDCACD427CA9F3E007F64C2 /* ImgProvider.swift */; };
		0FDCACD727CADEC3007F64C2 /* MovieDetailsVC.swift in Sources */ = {isa = PBXBuildFile; fileRef = 0FDCACD627CADEC3007F64C2 /* MovieDetailsVC.swift */; };
		0FDCACDF27CAE7DB007F64C2 /* AlertDelegate.swift in Sources */ = {isa = PBXBuildFile; fileRef = 0FDCACDE27CAE7DB007F64C2 /* AlertDelegate.swift */; };
		0FDCACE127CAF397007F64C2 /* MovieDetailsTVCell.swift in Sources */ = {isa = PBXBuildFile; fileRef = 0FDCACE027CAF397007F64C2 /* MovieDetailsTVCell.swift */; };
		0FDCACE527CB8377007F64C2 /* ExString.swift in Sources */ = {isa = PBXBuildFile; fileRef = 0FDCACE427CB8377007F64C2 /* ExString.swift */; };
		0FDCACE927CBA0B9007F64C2 /* MoviesBaseVC.swift in Sources */ = {isa = PBXBuildFile; fileRef = 0FDCACE827CBA0B9007F64C2 /* MoviesBaseVC.swift */; };
		0FDCACEB27CBB7E2007F64C2 /* BaseMovieTVCell.swift in Sources */ = {isa = PBXBuildFile; fileRef = 0FDCACEA27CBB7E2007F64C2 /* BaseMovieTVCell.swift */; };
		0FDCACF127CBD25B007F64C2 /* MoviesResponse.json in Resources */ = {isa = PBXBuildFile; fileRef = 0FDCACF027CBD25B007F64C2 /* MoviesResponse.json */; };
		0FDCACF427CBD31C007F64C2 /* GCDTests.swift in Sources */ = {isa = PBXBuildFile; fileRef = 0FDCACF327CBD31C007F64C2 /* GCDTests.swift */; };
		0FDCACF627CBD388007F64C2 /* EndPointTests.swift in Sources */ = {isa = PBXBuildFile; fileRef = 0FDCACF527CBD388007F64C2 /* EndPointTests.swift */; };
		0FDCACF827CBD493007F64C2 /* APIManagerTests.swift in Sources */ = {isa = PBXBuildFile; fileRef = 0FDCACF727CBD493007F64C2 /* APIManagerTests.swift */; };
		0FDCACFA27CBD4D1007F64C2 /* ExtensionsTests.swift in Sources */ = {isa = PBXBuildFile; fileRef = 0FDCACF927CBD4D1007F64C2 /* ExtensionsTests.swift */; };
		0FDCACFC27CBD53D007F64C2 /* TrendingMoviesVMTests.swift in Sources */ = {isa = PBXBuildFile; fileRef = 0FDCACFB27CBD53D007F64C2 /* TrendingMoviesVMTests.swift */; };
		0FDCACFE27CBD575007F64C2 /* MovieDetailsVMTests.swift in Sources */ = {isa = PBXBuildFile; fileRef = 0FDCACFD27CBD575007F64C2 /* MovieDetailsVMTests.swift */; };
/* End PBXBuildFile section */

/* Begin PBXContainerItemProxy section */
		0FDCAC8227C94304007F64C2 /* PBXContainerItemProxy */ = {
			isa = PBXContainerItemProxy;
			containerPortal = 0FDCAC6327C942FF007F64C2 /* Project object */;
			proxyType = 1;
			remoteGlobalIDString = 0FDCAC6A27C942FF007F64C2;
			remoteInfo = Trending;
		};
		0FDCAC8C27C94304007F64C2 /* PBXContainerItemProxy */ = {
			isa = PBXContainerItemProxy;
			containerPortal = 0FDCAC6327C942FF007F64C2 /* Project object */;
			proxyType = 1;
			remoteGlobalIDString = 0FDCAC6A27C942FF007F64C2;
			remoteInfo = Trending;
		};
/* End PBXContainerItemProxy section */

/* Begin PBXFileReference section */
		0FDCAC6B27C942FF007F64C2 /* Trending.app */ = {isa = PBXFileReference; explicitFileType = wrapper.application; includeInIndex = 0; path = Trending.app; sourceTree = BUILT_PRODUCTS_DIR; };
		0FDCAC6E27C942FF007F64C2 /* AppDelegate.swift */ = {isa = PBXFileReference; lastKnownFileType = sourcecode.swift; path = AppDelegate.swift; sourceTree = "<group>"; };
		0FDCAC7727C94303007F64C2 /* Assets.xcassets */ = {isa = PBXFileReference; lastKnownFileType = folder.assetcatalog; path = Assets.xcassets; sourceTree = "<group>"; };
		0FDCAC7A27C94303007F64C2 /* Base */ = {isa = PBXFileReference; lastKnownFileType = file.storyboard; name = Base; path = Base.lproj/LaunchScreen.storyboard; sourceTree = "<group>"; };
		0FDCAC7C27C94303007F64C2 /* Info.plist */ = {isa = PBXFileReference; lastKnownFileType = text.plist.xml; path = Info.plist; sourceTree = "<group>"; };
		0FDCAC8127C94304007F64C2 /* TrendingTests.xctest */ = {isa = PBXFileReference; explicitFileType = wrapper.cfbundle; includeInIndex = 0; path = TrendingTests.xctest; sourceTree = BUILT_PRODUCTS_DIR; };
		0FDCAC8B27C94304007F64C2 /* TrendingUITests.xctest */ = {isa = PBXFileReference; explicitFileType = wrapper.cfbundle; includeInIndex = 0; path = TrendingUITests.xctest; sourceTree = BUILT_PRODUCTS_DIR; };
		0FDCAC8F27C94304007F64C2 /* TrendingUITests.swift */ = {isa = PBXFileReference; lastKnownFileType = sourcecode.swift; path = TrendingUITests.swift; sourceTree = "<group>"; };
		0FDCAC9127C94304007F64C2 /* TrendingUITestsLaunchTests.swift */ = {isa = PBXFileReference; lastKnownFileType = sourcecode.swift; path = TrendingUITestsLaunchTests.swift; sourceTree = "<group>"; };
		0FDCACA427C94A9E007F64C2 /* TrendingMoviesVC.swift */ = {isa = PBXFileReference; lastKnownFileType = sourcecode.swift; path = TrendingMoviesVC.swift; sourceTree = "<group>"; };
		0FDCACA727C94B2C007F64C2 /* ExUIColor.swift */ = {isa = PBXFileReference; lastKnownFileType = sourcecode.swift; path = ExUIColor.swift; sourceTree = "<group>"; };
		0FDCACA927C94B55007F64C2 /* ExUIFont.swift */ = {isa = PBXFileReference; lastKnownFileType = sourcecode.swift; path = ExUIFont.swift; sourceTree = "<group>"; };
		0FDCACAD27C94BB9007F64C2 /* SFProText-Semibold.ttf */ = {isa = PBXFileReference; lastKnownFileType = file; path = "SFProText-Semibold.ttf"; sourceTree = "<group>"; };
		0FDCACAE27C94BB9007F64C2 /* SFProText-Regular.ttf */ = {isa = PBXFileReference; lastKnownFileType = file; path = "SFProText-Regular.ttf"; sourceTree = "<group>"; };
		0FDCACAF27C94BB9007F64C2 /* SFProText-Bold.ttf */ = {isa = PBXFileReference; lastKnownFileType = file; path = "SFProText-Bold.ttf"; sourceTree = "<group>"; };
		0FDCACB427C94DBF007F64C2 /* Keys.swift */ = {isa = PBXFileReference; lastKnownFileType = sourcecode.swift; path = Keys.swift; sourceTree = "<group>"; };
		0FDCACB627C94F2E007F64C2 /* ViewTheme.swift */ = {isa = PBXFileReference; lastKnownFileType = sourcecode.swift; path = ViewTheme.swift; sourceTree = "<group>"; };
		0FDCACB827C95363007F64C2 /* Utils.swift */ = {isa = PBXFileReference; lastKnownFileType = sourcecode.swift; path = Utils.swift; sourceTree = "<group>"; };
		0FDCACBA27C95671007F64C2 /* Movie.swift */ = {isa = PBXFileReference; lastKnownFileType = sourcecode.swift; path = Movie.swift; sourceTree = "<group>"; };
		0FDCACBC27C9A129007F64C2 /* TrendingMoviesVM.swift */ = {isa = PBXFileReference; lastKnownFileType = sourcecode.swift; path = TrendingMoviesVM.swift; sourceTree = "<group>"; };
		0FDCACBF27C9A1F4007F64C2 /* HTTPMethod.swift */ = {isa = PBXFileReference; lastKnownFileType = sourcecode.swift; path = HTTPMethod.swift; sourceTree = "<group>"; };
		0FDCACC127C9A210007F64C2 /* EndPoint.swift */ = {isa = PBXFileReference; lastKnownFileType = sourcecode.swift; path = EndPoint.swift; sourceTree = "<group>"; };
		0FDCACC327C9A230007F64C2 /* Router.swift */ = {isa = PBXFileReference; lastKnownFileType = sourcecode.swift; path = Router.swift; sourceTree = "<group>"; };
		0FDCACC527C9A257007F64C2 /* APIManager.swift */ = {isa = PBXFileReference; lastKnownFileType = sourcecode.swift; path = APIManager.swift; sourceTree = "<group>"; };
		0FDCACC727C9A321007F64C2 /* ExDictionary.swift */ = {isa = PBXFileReference; lastKnownFileType = sourcecode.swift; path = ExDictionary.swift; sourceTree = "<group>"; };
		0FDCACCA27C9A407007F64C2 /* MovieTVCell.swift */ = {isa = PBXFileReference; lastKnownFileType = sourcecode.swift; path = MovieTVCell.swift; sourceTree = "<group>"; };
		0FDCACCC27C9A463007F64C2 /* MovieDetailsVM.swift */ = {isa = PBXFileReference; lastKnownFileType = sourcecode.swift; path = MovieDetailsVM.swift; sourceTree = "<group>"; };
		0FDCACCE27C9A527007F64C2 /* GCD.swift */ = {isa = PBXFileReference; lastKnownFileType = sourcecode.swift; path = GCD.swift; sourceTree = "<group>"; };
		0FDCACD027C9A799007F64C2 /* ExUITableView.swift */ = {isa = PBXFileReference; lastKnownFileType = sourcecode.swift; path = ExUITableView.swift; sourceTree = "<group>"; };
		0FDCACD227CA4936007F64C2 /* Services.swift */ = {isa = PBXFileReference; lastKnownFileType = sourcecode.swift; path = Services.swift; sourceTree = "<group>"; };
		0FDCACD427CA9F3E007F64C2 /* ImgProvider.swift */ = {isa = PBXFileReference; lastKnownFileType = sourcecode.swift; path = ImgProvider.swift; sourceTree = "<group>"; };
		0FDCACD627CADEC3007F64C2 /* MovieDetailsVC.swift */ = {isa = PBXFileReference; lastKnownFileType = sourcecode.swift; path = MovieDetailsVC.swift; sourceTree = "<group>"; };
		0FDCACDE27CAE7DB007F64C2 /* AlertDelegate.swift */ = {isa = PBXFileReference; lastKnownFileType = sourcecode.swift; path = AlertDelegate.swift; sourceTree = "<group>"; };
		0FDCACE027CAF397007F64C2 /* MovieDetailsTVCell.swift */ = {isa = PBXFileReference; lastKnownFileType = sourcecode.swift; path = MovieDetailsTVCell.swift; sourceTree = "<group>"; };
		0FDCACE427CB8377007F64C2 /* ExString.swift */ = {isa = PBXFileReference; lastKnownFileType = sourcecode.swift; path = ExString.swift; sourceTree = "<group>"; };
		0FDCACE827CBA0B9007F64C2 /* MoviesBaseVC.swift */ = {isa = PBXFileReference; fileEncoding = 4; lastKnownFileType = sourcecode.swift; path = MoviesBaseVC.swift; sourceTree = "<group>"; };
		0FDCACEA27CBB7E2007F64C2 /* BaseMovieTVCell.swift */ = {isa = PBXFileReference; lastKnownFileType = sourcecode.swift; path = BaseMovieTVCell.swift; sourceTree = "<group>"; };
		0FDCACF027CBD25B007F64C2 /* MoviesResponse.json */ = {isa = PBXFileReference; lastKnownFileType = text.json; path = MoviesResponse.json; sourceTree = "<group>"; };
		0FDCACF327CBD31C007F64C2 /* GCDTests.swift */ = {isa = PBXFileReference; lastKnownFileType = sourcecode.swift; path = GCDTests.swift; sourceTree = "<group>"; };
		0FDCACF527CBD388007F64C2 /* EndPointTests.swift */ = {isa = PBXFileReference; lastKnownFileType = sourcecode.swift; path = EndPointTests.swift; sourceTree = "<group>"; };
		0FDCACF727CBD493007F64C2 /* APIManagerTests.swift */ = {isa = PBXFileReference; lastKnownFileType = sourcecode.swift; path = APIManagerTests.swift; sourceTree = "<group>"; };
		0FDCACF927CBD4D1007F64C2 /* ExtensionsTests.swift */ = {isa = PBXFileReference; lastKnownFileType = sourcecode.swift; path = ExtensionsTests.swift; sourceTree = "<group>"; };
		0FDCACFB27CBD53D007F64C2 /* TrendingMoviesVMTests.swift */ = {isa = PBXFileReference; lastKnownFileType = sourcecode.swift; path = TrendingMoviesVMTests.swift; sourceTree = "<group>"; };
		0FDCACFD27CBD575007F64C2 /* MovieDetailsVMTests.swift */ = {isa = PBXFileReference; lastKnownFileType = sourcecode.swift; path = MovieDetailsVMTests.swift; sourceTree = "<group>"; };
/* End PBXFileReference section */

/* Begin PBXFrameworksBuildPhase section */
		0FDCAC6827C942FF007F64C2 /* Frameworks */ = {
			isa = PBXFrameworksBuildPhase;
			buildActionMask = 2147483647;
			files = (
			);
			runOnlyForDeploymentPostprocessing = 0;
		};
		0FDCAC7E27C94304007F64C2 /* Frameworks */ = {
			isa = PBXFrameworksBuildPhase;
			buildActionMask = 2147483647;
			files = (
			);
			runOnlyForDeploymentPostprocessing = 0;
		};
		0FDCAC8827C94304007F64C2 /* Frameworks */ = {
			isa = PBXFrameworksBuildPhase;
			buildActionMask = 2147483647;
			files = (
			);
			runOnlyForDeploymentPostprocessing = 0;
		};
/* End PBXFrameworksBuildPhase section */

/* Begin PBXGroup section */
		0FDCAC6227C942FF007F64C2 = {
			isa = PBXGroup;
			children = (
				0FDCAC6D27C942FF007F64C2 /* Trending */,
				0FDCAC8427C94304007F64C2 /* TrendingTests */,
				0FDCAC8E27C94304007F64C2 /* TrendingUITests */,
				0FDCAC6C27C942FF007F64C2 /* Products */,
			);
			sourceTree = "<group>";
		};
		0FDCAC6C27C942FF007F64C2 /* Products */ = {
			isa = PBXGroup;
			children = (
				0FDCAC6B27C942FF007F64C2 /* Trending.app */,
				0FDCAC8127C94304007F64C2 /* TrendingTests.xctest */,
				0FDCAC8B27C94304007F64C2 /* TrendingUITests.xctest */,
			);
			name = Products;
			sourceTree = "<group>";
		};
		0FDCAC6D27C942FF007F64C2 /* Trending */ = {
			isa = PBXGroup;
			children = (
				0FDCAC9E27C9499C007F64C2 /* App */,
				0FDCACB327C94DAF007F64C2 /* Utils */,
				0FDCACA627C94B15007F64C2 /* Extensions */,
				0FDCACA127C94A3F007F64C2 /* View */,
				0FDCACA227C94A4B007F64C2 /* ViewModel */,
				0FDCACA327C94A55007F64C2 /* Model */,
				0FDCACBE27C9A1D4007F64C2 /* NetworkManager */,
				0FDCAC7727C94303007F64C2 /* Assets.xcassets */,
				0FDCAC7927C94303007F64C2 /* LaunchScreen.storyboard */,
				0FDCACAB27C94BB9007F64C2 /* Fonts */,
			);
			path = Trending;
			sourceTree = "<group>";
		};
		0FDCAC8427C94304007F64C2 /* TrendingTests */ = {
			isa = PBXGroup;
			children = (
				0FDCACF227CBD2BB007F64C2 /* Stup */,
				0FDCACF327CBD31C007F64C2 /* GCDTests.swift */,
				0FDCACF527CBD388007F64C2 /* EndPointTests.swift */,
				0FDCACF727CBD493007F64C2 /* APIManagerTests.swift */,
				0FDCACF927CBD4D1007F64C2 /* ExtensionsTests.swift */,
				0FDCACFB27CBD53D007F64C2 /* TrendingMoviesVMTests.swift */,
				0FDCACFD27CBD575007F64C2 /* MovieDetailsVMTests.swift */,
			);
			path = TrendingTests;
			sourceTree = "<group>";
		};
		0FDCAC8E27C94304007F64C2 /* TrendingUITests */ = {
			isa = PBXGroup;
			children = (
				0FDCAC8F27C94304007F64C2 /* TrendingUITests.swift */,
				0FDCAC9127C94304007F64C2 /* TrendingUITestsLaunchTests.swift */,
			);
			path = TrendingUITests;
			sourceTree = "<group>";
		};
		0FDCAC9E27C9499C007F64C2 /* App */ = {
			isa = PBXGroup;
			children = (
				0FDCAC9F27C949A3007F64C2 /* AppDelegate */,
				0FDCACA027C949B4007F64C2 /* Configrations */,
			);
			path = App;
			sourceTree = "<group>";
		};
		0FDCAC9F27C949A3007F64C2 /* AppDelegate */ = {
			isa = PBXGroup;
			children = (
				0FDCAC6E27C942FF007F64C2 /* AppDelegate.swift */,
			);
			path = AppDelegate;
			sourceTree = "<group>";
		};
		0FDCACA027C949B4007F64C2 /* Configrations */ = {
			isa = PBXGroup;
			children = (
				0FDCAC7C27C94303007F64C2 /* Info.plist */,
			);
			path = Configrations;
			sourceTree = "<group>";
		};
		0FDCACA127C94A3F007F64C2 /* View */ = {
			isa = PBXGroup;
			children = (
				0FDCACEE27CBCF50007F64C2 /* ViewController */,
				0FDCACEC27CBCF16007F64C2 /* TVCell */,
			);
			path = View;
			sourceTree = "<group>";
		};
		0FDCACA227C94A4B007F64C2 /* ViewModel */ = {
			isa = PBXGroup;
			children = (
				0FDCACBC27C9A129007F64C2 /* TrendingMoviesVM.swift */,
				0FDCACCC27C9A463007F64C2 /* MovieDetailsVM.swift */,
			);
			path = ViewModel;
			sourceTree = "<group>";
		};
		0FDCACA327C94A55007F64C2 /* Model */ = {
			isa = PBXGroup;
			children = (
				0FDCACBA27C95671007F64C2 /* Movie.swift */,
			);
			path = Model;
			sourceTree = "<group>";
		};
		0FDCACA627C94B15007F64C2 /* Extensions */ = {
			isa = PBXGroup;
			children = (
				0FDCACA727C94B2C007F64C2 /* ExUIColor.swift */,
				0FDCACA927C94B55007F64C2 /* ExUIFont.swift */,
				0FDCACC727C9A321007F64C2 /* ExDictionary.swift */,
				0FDCACD027C9A799007F64C2 /* ExUITableView.swift */,
				0FDCACE427CB8377007F64C2 /* ExString.swift */,
			);
			path = Extensions;
			sourceTree = "<group>";
		};
		0FDCACAB27C94BB9007F64C2 /* Fonts */ = {
			isa = PBXGroup;
			children = (
				0FDCACAC27C94BB9007F64C2 /* SFProTxt */,
			);
			path = Fonts;
			sourceTree = "<group>";
		};
		0FDCACAC27C94BB9007F64C2 /* SFProTxt */ = {
			isa = PBXGroup;
			children = (
				0FDCACAD27C94BB9007F64C2 /* SFProText-Semibold.ttf */,
				0FDCACAE27C94BB9007F64C2 /* SFProText-Regular.ttf */,
				0FDCACAF27C94BB9007F64C2 /* SFProText-Bold.ttf */,
			);
			path = SFProTxt;
			sourceTree = "<group>";
		};
		0FDCACB327C94DAF007F64C2 /* Utils */ = {
			isa = PBXGroup;
			children = (
				0FDCACB427C94DBF007F64C2 /* Keys.swift */,
				0FDCACB827C95363007F64C2 /* Utils.swift */,
				0FDCACCE27C9A527007F64C2 /* GCD.swift */,
			);
			path = Utils;
			sourceTree = "<group>";
		};
		0FDCACBE27C9A1D4007F64C2 /* NetworkManager */ = {
			isa = PBXGroup;
			children = (
				0FDCACBF27C9A1F4007F64C2 /* HTTPMethod.swift */,
				0FDCACC127C9A210007F64C2 /* EndPoint.swift */,
				0FDCACC327C9A230007F64C2 /* Router.swift */,
				0FDCACC527C9A257007F64C2 /* APIManager.swift */,
				0FDCACD227CA4936007F64C2 /* Services.swift */,
				0FDCACD427CA9F3E007F64C2 /* ImgProvider.swift */,
			);
			path = NetworkManager;
			sourceTree = "<group>";
		};
		0FDCACD827CADED8007F64C2 /* MoviesList */ = {
			isa = PBXGroup;
			children = (
				0FDCACA427C94A9E007F64C2 /* TrendingMoviesVC.swift */,
			);
			path = MoviesList;
			sourceTree = "<group>";
		};
		0FDCACD927CADF0F007F64C2 /* MovieDetails */ = {
			isa = PBXGroup;
			children = (
				0FDCACD627CADEC3007F64C2 /* MovieDetailsVC.swift */,
			);
			path = MovieDetails;
			sourceTree = "<group>";
		};
		0FDCACDB27CADFE5007F64C2 /* Protocols */ = {
			isa = PBXGroup;
			children = (
				0FDCACB627C94F2E007F64C2 /* ViewTheme.swift */,
				0FDCACDE27CAE7DB007F64C2 /* AlertDelegate.swift */,
			);
			path = Protocols;
			sourceTree = "<group>";
		};
		0FDCACEC27CBCF16007F64C2 /* TVCell */ = {
			isa = PBXGroup;
			children = (
				0FDCACED27CBCF3A007F64C2 /* Base */,
				0FDCACCA27C9A407007F64C2 /* MovieTVCell.swift */,
				0FDCACE027CAF397007F64C2 /* MovieDetailsTVCell.swift */,
			);
			path = TVCell;
			sourceTree = "<group>";
		};
		0FDCACED27CBCF3A007F64C2 /* Base */ = {
			isa = PBXGroup;
			children = (
				0FDCACEA27CBB7E2007F64C2 /* BaseMovieTVCell.swift */,
			);
			path = Base;
			sourceTree = "<group>";
		};
		0FDCACEE27CBCF50007F64C2 /* ViewController */ = {
			isa = PBXGroup;
			children = (
				0FDCACEF27CBCF6F007F64C2 /* Base */,
				0FDCACD827CADED8007F64C2 /* MoviesList */,
				0FDCACD927CADF0F007F64C2 /* MovieDetails */,
			);
			path = ViewController;
			sourceTree = "<group>";
		};
		0FDCACEF27CBCF6F007F64C2 /* Base */ = {
			isa = PBXGroup;
			children = (
				0FDCACDB27CADFE5007F64C2 /* Protocols */,
				0FDCACE827CBA0B9007F64C2 /* MoviesBaseVC.swift */,
			);
			path = Base;
			sourceTree = "<group>";
		};
		0FDCACF227CBD2BB007F64C2 /* Stup */ = {
			isa = PBXGroup;
			children = (
				0FDCACF027CBD25B007F64C2 /* MoviesResponse.json */,
			);
			path = Stup;
			sourceTree = "<group>";
		};
/* End PBXGroup section */

/* Begin PBXNativeTarget section */
		0FDCAC6A27C942FF007F64C2 /* Trending */ = {
			isa = PBXNativeTarget;
			buildConfigurationList = 0FDCAC9527C94304007F64C2 /* Build configuration list for PBXNativeTarget "Trending" */;
			buildPhases = (
				0FDCAC6727C942FF007F64C2 /* Sources */,
				0FDCAC6827C942FF007F64C2 /* Frameworks */,
				0FDCAC6927C942FF007F64C2 /* Resources */,
			);
			buildRules = (
			);
			dependencies = (
			);
			name = Trending;
			productName = Trending;
			productReference = 0FDCAC6B27C942FF007F64C2 /* Trending.app */;
			productType = "com.apple.product-type.application";
		};
		0FDCAC8027C94304007F64C2 /* TrendingTests */ = {
			isa = PBXNativeTarget;
			buildConfigurationList = 0FDCAC9827C94304007F64C2 /* Build configuration list for PBXNativeTarget "TrendingTests" */;
			buildPhases = (
				0FDCAC7D27C94304007F64C2 /* Sources */,
				0FDCAC7E27C94304007F64C2 /* Frameworks */,
				0FDCAC7F27C94304007F64C2 /* Resources */,
			);
			buildRules = (
			);
			dependencies = (
				0FDCAC8327C94304007F64C2 /* PBXTargetDependency */,
			);
			name = TrendingTests;
			productName = TrendingTests;
			productReference = 0FDCAC8127C94304007F64C2 /* TrendingTests.xctest */;
			productType = "com.apple.product-type.bundle.unit-test";
		};
		0FDCAC8A27C94304007F64C2 /* TrendingUITests */ = {
			isa = PBXNativeTarget;
			buildConfigurationList = 0FDCAC9B27C94304007F64C2 /* Build configuration list for PBXNativeTarget "TrendingUITests" */;
			buildPhases = (
				0FDCAC8727C94304007F64C2 /* Sources */,
				0FDCAC8827C94304007F64C2 /* Frameworks */,
				0FDCAC8927C94304007F64C2 /* Resources */,
			);
			buildRules = (
			);
			dependencies = (
				0FDCAC8D27C94304007F64C2 /* PBXTargetDependency */,
			);
			name = TrendingUITests;
			productName = TrendingUITests;
			productReference = 0FDCAC8B27C94304007F64C2 /* TrendingUITests.xctest */;
			productType = "com.apple.product-type.bundle.ui-testing";
		};
/* End PBXNativeTarget section */

/* Begin PBXProject section */
		0FDCAC6327C942FF007F64C2 /* Project object */ = {
			isa = PBXProject;
			attributes = {
				BuildIndependentTargetsInParallel = 1;
				LastSwiftUpdateCheck = 1320;
				LastUpgradeCheck = 1320;
				TargetAttributes = {
					0FDCAC6A27C942FF007F64C2 = {
						CreatedOnToolsVersion = 13.2.1;
					};
					0FDCAC8027C94304007F64C2 = {
						CreatedOnToolsVersion = 13.2.1;
						LastSwiftMigration = 1320;
						TestTargetID = 0FDCAC6A27C942FF007F64C2;
					};
					0FDCAC8A27C94304007F64C2 = {
						CreatedOnToolsVersion = 13.2.1;
						TestTargetID = 0FDCAC6A27C942FF007F64C2;
					};
				};
			};
			buildConfigurationList = 0FDCAC6627C942FF007F64C2 /* Build configuration list for PBXProject "Trending" */;
			compatibilityVersion = "Xcode 13.0";
			developmentRegion = en;
			hasScannedForEncodings = 0;
			knownRegions = (
				en,
				Base,
			);
			mainGroup = 0FDCAC6227C942FF007F64C2;
			productRefGroup = 0FDCAC6C27C942FF007F64C2 /* Products */;
			projectDirPath = "";
			projectRoot = "";
			targets = (
				0FDCAC6A27C942FF007F64C2 /* Trending */,
				0FDCAC8027C94304007F64C2 /* TrendingTests */,
				0FDCAC8A27C94304007F64C2 /* TrendingUITests */,
			);
		};
/* End PBXProject section */

/* Begin PBXResourcesBuildPhase section */
		0FDCAC6927C942FF007F64C2 /* Resources */ = {
			isa = PBXResourcesBuildPhase;
			buildActionMask = 2147483647;
			files = (
				0FDCAC7B27C94303007F64C2 /* LaunchScreen.storyboard in Resources */,
				0FDCAC7827C94303007F64C2 /* Assets.xcassets in Resources */,
				0FDCACB227C94BD5007F64C2 /* SFProText-Bold.ttf in Resources */,
				0FDCACB027C94BCE007F64C2 /* SFProText-Semibold.ttf in Resources */,
				0FDCACB127C94BD2007F64C2 /* SFProText-Regular.ttf in Resources */,
			);
			runOnlyForDeploymentPostprocessing = 0;
		};
		0FDCAC7F27C94304007F64C2 /* Resources */ = {
			isa = PBXResourcesBuildPhase;
			buildActionMask = 2147483647;
			files = (
				0FDCACF127CBD25B007F64C2 /* MoviesResponse.json in Resources */,
			);
			runOnlyForDeploymentPostprocessing = 0;
		};
		0FDCAC8927C94304007F64C2 /* Resources */ = {
			isa = PBXResourcesBuildPhase;
			buildActionMask = 2147483647;
			files = (
			);
			runOnlyForDeploymentPostprocessing = 0;
		};
/* End PBXResourcesBuildPhase section */

/* Begin PBXSourcesBuildPhase section */
		0FDCAC6727C942FF007F64C2 /* Sources */ = {
			isa = PBXSourcesBuildPhase;
			buildActionMask = 2147483647;
			files = (
				0FDCACE927CBA0B9007F64C2 /* MoviesBaseVC.swift in Sources */,
				0FDCACA527C94A9E007F64C2 /* TrendingMoviesVC.swift in Sources */,
				0FDCACA827C94B2C007F64C2 /* ExUIColor.swift in Sources */,
				0FDCAC6F27C942FF007F64C2 /* AppDelegate.swift in Sources */,
				0FDCACB927C95363007F64C2 /* Utils.swift in Sources */,
				0FDCACE527CB8377007F64C2 /* ExString.swift in Sources */,
				0FDCACD527CA9F3E007F64C2 /* ImgProvider.swift in Sources */,
				0FDCACD727CADEC3007F64C2 /* MovieDetailsVC.swift in Sources */,
				0FDCACDF27CAE7DB007F64C2 /* AlertDelegate.swift in Sources */,
				0FDCACC427C9A230007F64C2 /* Router.swift in Sources */,
				0FDCACCB27C9A407007F64C2 /* MovieTVCell.swift in Sources */,
				0FDCACC227C9A210007F64C2 /* EndPoint.swift in Sources */,
				0FDCACE127CAF397007F64C2 /* MovieDetailsTVCell.swift in Sources */,
				0FDCACC827C9A321007F64C2 /* ExDictionary.swift in Sources */,
				0FDCACCD27C9A463007F64C2 /* MovieDetailsVM.swift in Sources */,
				0FDCACB727C94F2E007F64C2 /* ViewTheme.swift in Sources */,
				0FDCACBD27C9A129007F64C2 /* TrendingMoviesVM.swift in Sources */,
				0FDCACAA27C94B55007F64C2 /* ExUIFont.swift in Sources */,
				0FDCACBB27C95671007F64C2 /* Movie.swift in Sources */,
				0FDCACD327CA4936007F64C2 /* Services.swift in Sources */,
				0FDCACC627C9A257007F64C2 /* APIManager.swift in Sources */,
				0FDCACD127C9A799007F64C2 /* ExUITableView.swift in Sources */,
				0FDCACC027C9A1F4007F64C2 /* HTTPMethod.swift in Sources */,
				0FDCACEB27CBB7E2007F64C2 /* BaseMovieTVCell.swift in Sources */,
				0FDCACCF27C9A527007F64C2 /* GCD.swift in Sources */,
				0FDCACB527C94DBF007F64C2 /* Keys.swift in Sources */,
			);
			runOnlyForDeploymentPostprocessing = 0;
		};
		0FDCAC7D27C94304007F64C2 /* Sources */ = {
			isa = PBXSourcesBuildPhase;
			buildActionMask = 2147483647;
			files = (
				0FDCACF627CBD388007F64C2 /* EndPointTests.swift in Sources */,
				0FDCACF427CBD31C007F64C2 /* GCDTests.swift in Sources */,
				0FDCACF827CBD493007F64C2 /* APIManagerTests.swift in Sources */,
				0FDCACFA27CBD4D1007F64C2 /* ExtensionsTests.swift in Sources */,
				0FDCACFE27CBD575007F64C2 /* MovieDetailsVMTests.swift in Sources */,
				0FDCACFC27CBD53D007F64C2 /* TrendingMoviesVMTests.swift in Sources */,
			);
			runOnlyForDeploymentPostprocessing = 0;
		};
		0FDCAC8727C94304007F64C2 /* Sources */ = {
			isa = PBXSourcesBuildPhase;
			buildActionMask = 2147483647;
			files = (
				0FDCAC9227C94304007F64C2 /* TrendingUITestsLaunchTests.swift in Sources */,
				0FDCAC9027C94304007F64C2 /* TrendingUITests.swift in Sources */,
			);
			runOnlyForDeploymentPostprocessing = 0;
		};
/* End PBXSourcesBuildPhase section */

/* Begin PBXTargetDependency section */
		0FDCAC8327C94304007F64C2 /* PBXTargetDependency */ = {
			isa = PBXTargetDependency;
			target = 0FDCAC6A27C942FF007F64C2 /* Trending */;
			targetProxy = 0FDCAC8227C94304007F64C2 /* PBXContainerItemProxy */;
		};
		0FDCAC8D27C94304007F64C2 /* PBXTargetDependency */ = {
			isa = PBXTargetDependency;
			target = 0FDCAC6A27C942FF007F64C2 /* Trending */;
			targetProxy = 0FDCAC8C27C94304007F64C2 /* PBXContainerItemProxy */;
		};
/* End PBXTargetDependency section */

/* Begin PBXVariantGroup section */
		0FDCAC7927C94303007F64C2 /* LaunchScreen.storyboard */ = {
			isa = PBXVariantGroup;
			children = (
				0FDCAC7A27C94303007F64C2 /* Base */,
			);
			name = LaunchScreen.storyboard;
			sourceTree = "<group>";
		};
/* End PBXVariantGroup section */

/* Begin XCBuildConfiguration section */
		0FDCAC9327C94304007F64C2 /* Debug */ = {
			isa = XCBuildConfiguration;
			buildSettings = {
				ALWAYS_SEARCH_USER_PATHS = NO;
				CLANG_ANALYZER_NONNULL = YES;
				CLANG_ANALYZER_NUMBER_OBJECT_CONVERSION = YES_AGGRESSIVE;
				CLANG_CXX_LANGUAGE_STANDARD = "gnu++17";
				CLANG_CXX_LIBRARY = "libc++";
				CLANG_ENABLE_MODULES = YES;
				CLANG_ENABLE_OBJC_ARC = YES;
				CLANG_ENABLE_OBJC_WEAK = YES;
				CLANG_WARN_BLOCK_CAPTURE_AUTORELEASING = YES;
				CLANG_WARN_BOOL_CONVERSION = YES;
				CLANG_WARN_COMMA = YES;
				CLANG_WARN_CONSTANT_CONVERSION = YES;
				CLANG_WARN_DEPRECATED_OBJC_IMPLEMENTATIONS = YES;
				CLANG_WARN_DIRECT_OBJC_ISA_USAGE = YES_ERROR;
				CLANG_WARN_DOCUMENTATION_COMMENTS = YES;
				CLANG_WARN_EMPTY_BODY = YES;
				CLANG_WARN_ENUM_CONVERSION = YES;
				CLANG_WARN_INFINITE_RECURSION = YES;
				CLANG_WARN_INT_CONVERSION = YES;
				CLANG_WARN_NON_LITERAL_NULL_CONVERSION = YES;
				CLANG_WARN_OBJC_IMPLICIT_RETAIN_SELF = YES;
				CLANG_WARN_OBJC_LITERAL_CONVERSION = YES;
				CLANG_WARN_OBJC_ROOT_CLASS = YES_ERROR;
				CLANG_WARN_QUOTED_INCLUDE_IN_FRAMEWORK_HEADER = YES;
				CLANG_WARN_RANGE_LOOP_ANALYSIS = YES;
				CLANG_WARN_STRICT_PROTOTYPES = YES;
				CLANG_WARN_SUSPICIOUS_MOVE = YES;
				CLANG_WARN_UNGUARDED_AVAILABILITY = YES_AGGRESSIVE;
				CLANG_WARN_UNREACHABLE_CODE = YES;
				CLANG_WARN__DUPLICATE_METHOD_MATCH = YES;
				COPY_PHASE_STRIP = NO;
				DEBUG_INFORMATION_FORMAT = dwarf;
				ENABLE_STRICT_OBJC_MSGSEND = YES;
				ENABLE_TESTABILITY = YES;
				GCC_C_LANGUAGE_STANDARD = gnu11;
				GCC_DYNAMIC_NO_PIC = NO;
				GCC_NO_COMMON_BLOCKS = YES;
				GCC_OPTIMIZATION_LEVEL = 0;
				GCC_PREPROCESSOR_DEFINITIONS = (
					"DEBUG=1",
					"$(inherited)",
				);
				GCC_WARN_64_TO_32_BIT_CONVERSION = YES;
				GCC_WARN_ABOUT_RETURN_TYPE = YES_ERROR;
				GCC_WARN_UNDECLARED_SELECTOR = YES;
				GCC_WARN_UNINITIALIZED_AUTOS = YES_AGGRESSIVE;
				GCC_WARN_UNUSED_FUNCTION = YES;
				GCC_WARN_UNUSED_VARIABLE = YES;
				IPHONEOS_DEPLOYMENT_TARGET = 15.2;
				MTL_ENABLE_DEBUG_INFO = INCLUDE_SOURCE;
				MTL_FAST_MATH = YES;
				ONLY_ACTIVE_ARCH = YES;
				SDKROOT = iphoneos;
				SWIFT_ACTIVE_COMPILATION_CONDITIONS = DEBUG;
				SWIFT_OPTIMIZATION_LEVEL = "-Onone";
			};
			name = Debug;
		};
		0FDCAC9427C94304007F64C2 /* Release */ = {
			isa = XCBuildConfiguration;
			buildSettings = {
				ALWAYS_SEARCH_USER_PATHS = NO;
				CLANG_ANALYZER_NONNULL = YES;
				CLANG_ANALYZER_NUMBER_OBJECT_CONVERSION = YES_AGGRESSIVE;
				CLANG_CXX_LANGUAGE_STANDARD = "gnu++17";
				CLANG_CXX_LIBRARY = "libc++";
				CLANG_ENABLE_MODULES = YES;
				CLANG_ENABLE_OBJC_ARC = YES;
				CLANG_ENABLE_OBJC_WEAK = YES;
				CLANG_WARN_BLOCK_CAPTURE_AUTORELEASING = YES;
				CLANG_WARN_BOOL_CONVERSION = YES;
				CLANG_WARN_COMMA = YES;
				CLANG_WARN_CONSTANT_CONVERSION = YES;
				CLANG_WARN_DEPRECATED_OBJC_IMPLEMENTATIONS = YES;
				CLANG_WARN_DIRECT_OBJC_ISA_USAGE = YES_ERROR;
				CLANG_WARN_DOCUMENTATION_COMMENTS = YES;
				CLANG_WARN_EMPTY_BODY = YES;
				CLANG_WARN_ENUM_CONVERSION = YES;
				CLANG_WARN_INFINITE_RECURSION = YES;
				CLANG_WARN_INT_CONVERSION = YES;
				CLANG_WARN_NON_LITERAL_NULL_CONVERSION = YES;
				CLANG_WARN_OBJC_IMPLICIT_RETAIN_SELF = YES;
				CLANG_WARN_OBJC_LITERAL_CONVERSION = YES;
				CLANG_WARN_OBJC_ROOT_CLASS = YES_ERROR;
				CLANG_WARN_QUOTED_INCLUDE_IN_FRAMEWORK_HEADER = YES;
				CLANG_WARN_RANGE_LOOP_ANALYSIS = YES;
				CLANG_WARN_STRICT_PROTOTYPES = YES;
				CLANG_WARN_SUSPICIOUS_MOVE = YES;
				CLANG_WARN_UNGUARDED_AVAILABILITY = YES_AGGRESSIVE;
				CLANG_WARN_UNREACHABLE_CODE = YES;
				CLANG_WARN__DUPLICATE_METHOD_MATCH = YES;
				COPY_PHASE_STRIP = NO;
				DEBUG_INFORMATION_FORMAT = "dwarf-with-dsym";
				ENABLE_NS_ASSERTIONS = NO;
				ENABLE_STRICT_OBJC_MSGSEND = YES;
				GCC_C_LANGUAGE_STANDARD = gnu11;
				GCC_NO_COMMON_BLOCKS = YES;
				GCC_WARN_64_TO_32_BIT_CONVERSION = YES;
				GCC_WARN_ABOUT_RETURN_TYPE = YES_ERROR;
				GCC_WARN_UNDECLARED_SELECTOR = YES;
				GCC_WARN_UNINITIALIZED_AUTOS = YES_AGGRESSIVE;
				GCC_WARN_UNUSED_FUNCTION = YES;
				GCC_WARN_UNUSED_VARIABLE = YES;
				IPHONEOS_DEPLOYMENT_TARGET = 15.2;
				MTL_ENABLE_DEBUG_INFO = NO;
				MTL_FAST_MATH = YES;
				SDKROOT = iphoneos;
				SWIFT_COMPILATION_MODE = wholemodule;
				SWIFT_OPTIMIZATION_LEVEL = "-O";
				VALIDATE_PRODUCT = YES;
			};
			name = Release;
		};
		0FDCAC9627C94304007F64C2 /* Debug */ = {
			isa = XCBuildConfiguration;
			buildSettings = {
				ASSETCATALOG_COMPILER_APPICON_NAME = AppIcon;
				ASSETCATALOG_COMPILER_GLOBAL_ACCENT_COLOR_NAME = AccentColor;
				CODE_SIGN_STYLE = Automatic;
				CURRENT_PROJECT_VERSION = 1;
				DEVELOPMENT_TEAM = PJ2M579DS3;
				GENERATE_INFOPLIST_FILE = YES;
				INFOPLIST_FILE = Trending/App/Configrations/Info.plist;
				INFOPLIST_KEY_UIApplicationSupportsIndirectInputEvents = YES;
				INFOPLIST_KEY_UILaunchStoryboardName = LaunchScreen;
				INFOPLIST_KEY_UISupportedInterfaceOrientations = UIInterfaceOrientationPortrait;
				INFOPLIST_KEY_UISupportedInterfaceOrientations_iPad = "UIInterfaceOrientationPortrait UIInterfaceOrientationPortraitUpsideDown UIInterfaceOrientationLandscapeLeft UIInterfaceOrientationLandscapeRight";
				INFOPLIST_KEY_UISupportedInterfaceOrientations_iPhone = "UIInterfaceOrientationPortrait UIInterfaceOrientationLandscapeLeft UIInterfaceOrientationLandscapeRight";
				IPHONEOS_DEPLOYMENT_TARGET = 15.0;
				LD_RUNPATH_SEARCH_PATHS = (
					"$(inherited)",
					"@executable_path/Frameworks",
				);
				MARKETING_VERSION = 1.0;
				PRODUCT_BUNDLE_IDENTIFIER = com.mohamd.elaabd.Trending;
				PRODUCT_NAME = "$(TARGET_NAME)";
				SWIFT_EMIT_LOC_STRINGS = YES;
				SWIFT_VERSION = 5.0;
				TARGETED_DEVICE_FAMILY = 1;
			};
			name = Debug;
		};
		0FDCAC9727C94304007F64C2 /* Release */ = {
			isa = XCBuildConfiguration;
			buildSettings = {
				ASSETCATALOG_COMPILER_APPICON_NAME = AppIcon;
				ASSETCATALOG_COMPILER_GLOBAL_ACCENT_COLOR_NAME = AccentColor;
				CODE_SIGN_STYLE = Automatic;
				CURRENT_PROJECT_VERSION = 1;
				DEVELOPMENT_TEAM = PJ2M579DS3;
				GENERATE_INFOPLIST_FILE = YES;
				INFOPLIST_FILE = Trending/App/Configrations/Info.plist;
				INFOPLIST_KEY_UIApplicationSupportsIndirectInputEvents = YES;
				INFOPLIST_KEY_UILaunchStoryboardName = LaunchScreen;
				INFOPLIST_KEY_UISupportedInterfaceOrientations = UIInterfaceOrientationPortrait;
				INFOPLIST_KEY_UISupportedInterfaceOrientations_iPad = "UIInterfaceOrientationPortrait UIInterfaceOrientationPortraitUpsideDown UIInterfaceOrientationLandscapeLeft UIInterfaceOrientationLandscapeRight";
				INFOPLIST_KEY_UISupportedInterfaceOrientations_iPhone = "UIInterfaceOrientationPortrait UIInterfaceOrientationLandscapeLeft UIInterfaceOrientationLandscapeRight";
				IPHONEOS_DEPLOYMENT_TARGET = 15.0;
				LD_RUNPATH_SEARCH_PATHS = (
					"$(inherited)",
					"@executable_path/Frameworks",
				);
				MARKETING_VERSION = 1.0;
				PRODUCT_BUNDLE_IDENTIFIER = com.mohamd.elaabd.Trending;
				PRODUCT_NAME = "$(TARGET_NAME)";
				SWIFT_EMIT_LOC_STRINGS = YES;
				SWIFT_VERSION = 5.0;
				TARGETED_DEVICE_FAMILY = 1;
			};
			name = Release;
		};
		0FDCAC9927C94304007F64C2 /* Debug */ = {
			isa = XCBuildConfiguration;
			buildSettings = {
				ALWAYS_EMBED_SWIFT_STANDARD_LIBRARIES = YES;
				BUNDLE_LOADER = "$(TEST_HOST)";
				CLANG_ENABLE_MODULES = YES;
				CODE_SIGN_STYLE = Automatic;
				CURRENT_PROJECT_VERSION = 1;
				DEVELOPMENT_TEAM = PJ2M579DS3;
				GENERATE_INFOPLIST_FILE = YES;
				IPHONEOS_DEPLOYMENT_TARGET = 15.2;
				LD_RUNPATH_SEARCH_PATHS = (
					"$(inherited)",
					"@executable_path/Frameworks",
					"@loader_path/Frameworks",
				);
				MARKETING_VERSION = 1.0;
				PRODUCT_BUNDLE_IDENTIFIER = com.mohamd.elaabd.TrendingTests;
				PRODUCT_NAME = "$(TARGET_NAME)";
				SWIFT_EMIT_LOC_STRINGS = NO;
				SWIFT_OPTIMIZATION_LEVEL = "-Onone";
				SWIFT_VERSION = 5.0;
				TARGETED_DEVICE_FAMILY = "1,2";
				TEST_HOST = "$(BUILT_PRODUCTS_DIR)/Trending.app/Trending";
			};
			name = Debug;
		};
		0FDCAC9A27C94304007F64C2 /* Release */ = {
			isa = XCBuildConfiguration;
			buildSettings = {
				ALWAYS_EMBED_SWIFT_STANDARD_LIBRARIES = YES;
				BUNDLE_LOADER = "$(TEST_HOST)";
				CLANG_ENABLE_MODULES = YES;
				CODE_SIGN_STYLE = Automatic;
				CURRENT_PROJECT_VERSION = 1;
				DEVELOPMENT_TEAM = PJ2M579DS3;
				GENERATE_INFOPLIST_FILE = YES;
				IPHONEOS_DEPLOYMENT_TARGET = 15.2;
				LD_RUNPATH_SEARCH_PATHS = (
					"$(inherited)",
					"@executable_path/Frameworks",
					"@loader_path/Frameworks",
				);
				MARKETING_VERSION = 1.0;
				PRODUCT_BUNDLE_IDENTIFIER = com.mohamd.elaabd.TrendingTests;
				PRODUCT_NAME = "$(TARGET_NAME)";
				SWIFT_EMIT_LOC_STRINGS = NO;
				SWIFT_VERSION = 5.0;
				TARGETED_DEVICE_FAMILY = "1,2";
				TEST_HOST = "$(BUILT_PRODUCTS_DIR)/Trending.app/Trending";
			};
			name = Release;
		};
		0FDCAC9C27C94304007F64C2 /* Debug */ = {
			isa = XCBuildConfiguration;
			buildSettings = {
				ALWAYS_EMBED_SWIFT_STANDARD_LIBRARIES = YES;
				CODE_SIGN_STYLE = Automatic;
				CURRENT_PROJECT_VERSION = 1;
				DEVELOPMENT_TEAM = PJ2M579DS3;
				GENERATE_INFOPLIST_FILE = YES;
				MARKETING_VERSION = 1.0;
				PRODUCT_BUNDLE_IDENTIFIER = com.mohamd.elaabd.TrendingUITests;
				PRODUCT_NAME = "$(TARGET_NAME)";
				SWIFT_EMIT_LOC_STRINGS = NO;
				SWIFT_VERSION = 5.0;
				TARGETED_DEVICE_FAMILY = "1,2";
				TEST_TARGET_NAME = Trending;
			};
			name = Debug;
		};
		0FDCAC9D27C94304007F64C2 /* Release */ = {
			isa = XCBuildConfiguration;
			buildSettings = {
				ALWAYS_EMBED_SWIFT_STANDARD_LIBRARIES = YES;
				CODE_SIGN_STYLE = Automatic;
				CURRENT_PROJECT_VERSION = 1;
				DEVELOPMENT_TEAM = PJ2M579DS3;
				GENERATE_INFOPLIST_FILE = YES;
				MARKETING_VERSION = 1.0;
				PRODUCT_BUNDLE_IDENTIFIER = com.mohamd.elaabd.TrendingUITests;
				PRODUCT_NAME = "$(TARGET_NAME)";
				SWIFT_EMIT_LOC_STRINGS = NO;
				SWIFT_VERSION = 5.0;
				TARGETED_DEVICE_FAMILY = "1,2";
				TEST_TARGET_NAME = Trending;
			};
			name = Release;
		};
/* End XCBuildConfiguration section */

/* Begin XCConfigurationList section */
		0FDCAC6627C942FF007F64C2 /* Build configuration list for PBXProject "Trending" */ = {
			isa = XCConfigurationList;
			buildConfigurations = (
				0FDCAC9327C94304007F64C2 /* Debug */,
				0FDCAC9427C94304007F64C2 /* Release */,
			);
			defaultConfigurationIsVisible = 0;
			defaultConfigurationName = Release;
		};
		0FDCAC9527C94304007F64C2 /* Build configuration list for PBXNativeTarget "Trending" */ = {
			isa = XCConfigurationList;
			buildConfigurations = (
				0FDCAC9627C94304007F64C2 /* Debug */,
				0FDCAC9727C94304007F64C2 /* Release */,
			);
			defaultConfigurationIsVisible = 0;
			defaultConfigurationName = Release;
		};
		0FDCAC9827C94304007F64C2 /* Build configuration list for PBXNativeTarget "TrendingTests" */ = {
			isa = XCConfigurationList;
			buildConfigurations = (
				0FDCAC9927C94304007F64C2 /* Debug */,
				0FDCAC9A27C94304007F64C2 /* Release */,
			);
			defaultConfigurationIsVisible = 0;
			defaultConfigurationName = Release;
		};
		0FDCAC9B27C94304007F64C2 /* Build configuration list for PBXNativeTarget "TrendingUITests" */ = {
			isa = XCConfigurationList;
			buildConfigurations = (
				0FDCAC9C27C94304007F64C2 /* Debug */,
				0FDCAC9D27C94304007F64C2 /* Release */,
			);
			defaultConfigurationIsVisible = 0;
			defaultConfigurationName = Release;
		};
/* End XCConfigurationList section */
	};
	rootObject = 0FDCAC6327C942FF007F64C2 /* Project object */;
}
